lockfileVersion: '9.0'

settings:
  autoInstallPeers: true
  excludeLinksFromLockfile: false

importers:

  .:
    dependencies:
      '@whop/api':
        specifier: ^0.0.51
        version: 0.0.51(@auth/core@0.40.0)

packages:

  '@auth/core@0.40.0':
    resolution: {integrity: sha512-n53uJE0RH5SqZ7N1xZoMKekbHfQgjd0sAEyUbE+IYJnmuQkbvuZnXItCU7d+i7Fj8VGOgqvNO7Mw4YfBTlZeQw==}
    peerDependencies:
      '@simplewebauthn/browser': ^9.0.1
      '@simplewebauthn/server': ^9.0.2
      nodemailer: ^6.8.0
    peerDependenciesMeta:
      '@simplewebauthn/browser':
        optional: true
      '@simplewebauthn/server':
        optional: true
      nodemailer:
        optional: true

  '@graphql-typed-document-node/core@3.2.0':
    resolution: {integrity: sha512-mB9oAsNCm9aM3/SOv4YtBMqZbYj10R7dkq8byBqxGY/ncFwhf2oQzMV+LCRlWoDSEBJ3COiR1yeDvMtsoOsuFQ==}
    peerDependencies:
      graphql: ^0.8.0 || ^0.9.0 || ^0.10.0 || ^0.11.0 || ^0.12.0 || ^0.13.0 || ^14.0.0 || ^15.0.0 || ^16.0.0 || ^17.0.0

  '@panva/hkdf@1.2.1':
    resolution: {integrity: sha512-6oclG6Y3PiDFcoyk8srjLfVKyMfVCKJ27JwNPViuXziFpmdz+MZnZN/aKY0JGXgYuO/VghU0jcOAZgWXZ1Dmrw==}

  '@whop/api@0.0.51':
    resolution: {integrity: sha512-9BcMNeJQBPMyOP2AIwBZmOVgkcEvVUqFZkK+sFM0UxjuTmSy1+AA4IcBHM+sUf6LW6SSTN3Ez8ZLphm2CoQMig==}
    engines: {node: 22.x, pnpm: 9.15.9}
    peerDependencies:
      '@auth/core': ^0.40.0

  graphql-request@7.3.0:
    resolution: {integrity: sha512-cxmQfa/ZknSNtuJpgPpr4CQTwPjSP57EYzOyNoyhPakXqr1yvTtOXNFbxQYaz4DMQ801i2DjnwUkifGLjtXhSQ==}
    peerDependencies:
      graphql: 14 - 16

  graphql-tag@2.12.6:
    resolution: {integrity: sha512-FdSNcu2QQcWnM2VNvSCCDCVS5PpPqpzgFT8+GXzqJuoDd0CBncxCY278u4mhRO7tMgo2JjgJA5aZ+nWSQ/Z+xg==}
    engines: {node: '>=10'}
    peerDependencies:
      graphql: ^0.9.0 || ^0.10.0 || ^0.11.0 || ^0.12.0 || ^0.13.0 || ^14.0.0 || ^15.0.0 || ^16.0.0

  graphql@16.11.0:
    resolution: {integrity: sha512-mS1lbMsxgQj6hge1XZ6p7GPhbrtFwUFYi3wRzXAC/FmYnyXMTvvI3td3rjmQ2u8ewXueaSvRPWaEcgVVOT9Jnw==}
    engines: {node: ^12.22.0 || ^14.16.0 || ^16.0.0 || >=17.0.0}

  jose@6.0.11:
    resolution: {integrity: sha512-QxG7EaliDARm1O1S8BGakqncGT9s25bKL1WSf6/oa17Tkqwi8D2ZNglqCF+DsYF88/rV66Q/Q2mFAy697E1DUg==}

  jose@6.1.0:
    resolution: {integrity: sha512-TTQJyoEoKcC1lscpVDCSsVgYzUDg/0Bt3WE//WiTPK6uOCQC2KZS4MpugbMWt/zyjkopgZoXhZuCi00gLudfUA==}

  js-md5@0.8.3:
    resolution: {integrity: sha512-qR0HB5uP6wCuRMrWPTrkMaev7MJZwJuuw4fnwAzRgP4J4/F8RwtodOKpGp4XpqsLBFzzgqIO42efFAyz2Et6KQ==}

  oauth4webapi@3.8.2:
    resolution: {integrity: sha512-FzZZ+bht5X0FKe7Mwz3DAVAmlH1BV5blSak/lHMBKz0/EBMhX6B10GlQYI51+oRp8ObJaX0g6pXrAxZh5s8rjw==}

  preact-render-to-string@6.5.11:
    resolution: {integrity: sha512-ubnauqoGczeGISiOh6RjX0/cdaF8v/oDXIjO85XALCQjwQP+SB4RDXXtvZ6yTYSjG+PC1QRP2AhPgCEsM2EvUw==}
    peerDependencies:
      preact: '>=10'

  preact@10.24.3:
    resolution: {integrity: sha512-Z2dPnBnMUfyQfSQ+GBdsGa16hz35YmLmtTLhM169uW944hYL6xzTYkJjC07j+Wosz733pMWx0fgON3JNw1jJQA==}

  tiny-typed-emitter@2.1.0:
    resolution: {integrity: sha512-qVtvMxeXbVej0cQWKqVSSAHmKZEHAvxdF8HEUBFWts8h+xEo5m/lEiPakuyZ3BnCBjOD8i24kzNOiOLLgsSxhA==}

  tslib@2.8.1:
    resolution: {integrity: sha512-oJFu94HQb+KVduSUQL7wnpmqnfmLsOA/nAh6b6EH0wCEoK0/mPeXU6c3wKDV83MkOuHPRHtSXKKU99IBazS/2w==}

snapshots:

  '@auth/core@0.40.0':
    dependencies:
      '@panva/hkdf': 1.2.1
      jose: 6.1.0
      oauth4webapi: 3.8.2
      preact: 10.24.3
      preact-render-to-string: 6.5.11(preact@10.24.3)

  '@graphql-typed-document-node/core@3.2.0(graphql@16.11.0)':
    dependencies:
      graphql: 16.11.0

  '@panva/hkdf@1.2.1': {}

  '@whop/api@0.0.51(@auth/core@0.40.0)':
    dependencies:
      '@auth/core': 0.40.0
      graphql: 16.11.0
      graphql-request: 7.3.0(graphql@16.11.0)
      graphql-tag: 2.12.6(graphql@16.11.0)
      jose: 6.0.11
      js-md5: 0.8.3
      tiny-typed-emitter: 2.1.0

  graphql-request@7.3.0(graphql@16.11.0):
    dependencies:
      '@graphql-typed-document-node/core': 3.2.0(graphql@16.11.0)
      graphql: 16.11.0

  graphql-tag@2.12.6(graphql@16.11.0):
    dependencies:
      graphql: 16.11.0
      tslib: 2.8.1

  graphql@16.11.0: {}

  jose@6.0.11: {}

  jose@6.1.0: {}

  js-md5@0.8.3: {}

  oauth4webapi@3.8.2: {}

  preact-render-to-string@6.5.11(preact@10.24.3):
    dependencies:
      preact: 10.24.3

  preact@10.24.3: {}

  tiny-typed-emitter@2.1.0: {}

  tslib@2.8.1: {}
